
Microsoft Visual Studio Solution File, Format Version 12.00
# Visual Studio Version 16
VisualStudioVersion = 16.0.29123.88
MinimumVisualStudioVersion = 10.0.40219.1
Project("{9A19103F-16F7-4668-BE54-9A1E7A4F7556}") = "Panda.App", "Panda.App\Panda.App.csproj", "{4B871D44-69F2-4389-815F-08AFA9568AE1}"
EndProject
Project("{9A19103F-16F7-4668-BE54-9A1E7A4F7556}") = "Panda.Data", "Panda.Data\Panda.Data.csproj", "{639C0631-C5DA-4846-96B1-11DEAE456935}"
EndProject
Project("{9A19103F-16F7-4668-BE54-9A1E7A4F7556}") = "Panda.Domain", "Panda.Domain\Panda.Domain.csproj", "{D1D28C92-0C4D-4ED1-917E-908FA50E0540}"
EndProject
Project("{9A19103F-16F7-4668-BE54-9A1E7A4F7556}") = "Panda.Services", "Panda.Services\Panda.Services.csproj", "{A78FAD92-BF9A-49C2-BABE-4A05F59FC603}"
EndProject
Project("{9A19103F-16F7-4668-BE54-9A1E7A4F7556}") = "Panda.Models", "Panda.Models\Panda.Models.csproj", "{C1F0D8F8-2A57-4E4F-836D-1E1B0D16A810}"
EndProject
Project("{FAE04EC0-301F-11D3-BF4B-00C04F79EFBC}") = "Panda.Services.Tests", "Panda.Services.Tests\Panda.Services.Tests.csproj", "{5B5293CD-E002-43D6-906A-AA3A60DF05B0}"
EndProject
Global
	GlobalSection(SolutionConfigurationPlatforms) = preSolution
		Debug|Any CPU = Debug|Any CPU
		Release|Any CPU = Release|Any CPU
	EndGlobalSection
	GlobalSection(ProjectConfigurationPlatforms) = postSolution
		{4B871D44-69F2-4389-815F-08AFA9568AE1}.Debug|Any CPU.ActiveCfg = Debug|Any CPU
		{4B871D44-69F2-4389-815F-08AFA9568AE1}.Debug|Any CPU.Build.0 = Debug|Any CPU
		{4B871D44-69F2-4389-815F-08AFA9568AE1}.Release|Any CPU.ActiveCfg = Release|Any CPU
		{4B871D44-69F2-4389-815F-08AFA9568AE1}.Release|Any CPU.Build.0 = Release|Any CPU
		{639C0631-C5DA-4846-96B1-11DEAE456935}.Debug|Any CPU.ActiveCfg = Debug|Any CPU
		{639C0631-C5DA-4846-96B1-11DEAE456935}.Debug|Any CPU.Build.0 = Debug|Any CPU
		{639C0631-C5DA-4846-96B1-11DEAE456935}.Release|Any CPU.ActiveCfg = Release|Any CPU
		{639C0631-C5DA-4846-96B1-11DEAE456935}.Release|Any CPU.Build.0 = Release|Any CPU
		{D1D28C92-0C4D-4ED1-917E-908FA50E0540}.Debug|Any CPU.ActiveCfg = Debug|Any CPU
		{D1D28C92-0C4D-4ED1-917E-908FA50E0540}.Debug|Any CPU.Build.0 = Debug|Any CPU
		{D1D28C92-0C4D-4ED1-917E-908FA50E0540}.Release|Any CPU.ActiveCfg = Release|Any CPU
		{D1D28C92-0C4D-4ED1-917E-908FA50E0540}.Release|Any CPU.Build.0 = Release|Any CPU
		{A78FAD92-BF9A-49C2-BABE-4A05F59FC603}.Debug|Any CPU.ActiveCfg = Debug|Any CPU
		{A78FAD92-BF9A-49C2-BABE-4A05F59FC603}.Debug|Any CPU.Build.0 = Debug|Any CPU
		{A78FAD92-BF9A-49C2-BABE-4A05F59FC603}.Release|Any CPU.ActiveCfg = Release|Any CPU
		{A78FAD92-BF9A-49C2-BABE-4A05F59FC603}.Release|Any CPU.Build.0 = Release|Any CPU
		{C1F0D8F8-2A57-4E4F-836D-1E1B0D16A810}.Debug|Any CPU.ActiveCfg = Debug|Any CPU
		{C1F0D8F8-2A57-4E4F-836D-1E1B0D16A810}.Debug|Any CPU.Build.0 = Debug|Any CPU
		{C1F0D8F8-2A57-4E4F-836D-1E1B0D16A810}.Release|Any CPU.ActiveCfg = Release|Any CPU
		{C1F0D8F8-2A57-4E4F-836D-1E1B0D16A810}.Release|Any CPU.Build.0 = Release|Any CPU
		{5B5293CD-E002-43D6-906A-AA3A60DF05B0}.Debug|Any CPU.ActiveCfg = Debug|Any CPU
		{5B5293CD-E002-43D6-906A-AA3A60DF05B0}.Debug|Any CPU.Build.0 = Debug|Any CPU
		{5B5293CD-E002-43D6-906A-AA3A60DF05B0}.Release|Any CPU.ActiveCfg = Release|Any CPU
		{5B5293CD-E002-43D6-906A-AA3A60DF05B0}.Release|Any CPU.Build.0 = Release|Any CPU
	EndGlobalSection
	GlobalSection(SolutionProperties) = preSolution
		HideSolutionNode = FALSE
	EndGlobalSection
	GlobalSection(ExtensibilityGlobals) = postSolution
		SolutionGuid = {A569FEFC-864B-4983-8B7E-BB637C843F91}
	EndGlobalSection
EndGlobal
