
Microsoft Visual Studio Solution File, Format Version 12.00
# Visual Studio Version 16
VisualStudioVersion = 16.0.29123.88
MinimumVisualStudioVersion = 10.0.40219.1
Project("{9A19103F-16F7-4668-BE54-9A1E7A4F7556}") = "Eventures", "Eventures\Eventures.csproj", "{1D59D028-E22C-448C-A8E8-754E87D3706B}"
EndProject
Project("{9A19103F-16F7-4668-BE54-9A1E7A4F7556}") = "Eventures.Data", "Eventures.Data\Eventures.Data.csproj", "{A277FEA7-F403-41D5-95FF-54188BB01395}"
EndProject
Project("{9A19103F-16F7-4668-BE54-9A1E7A4F7556}") = "Eventures.Domain", "Eventures.Domain\Eventures.Domain.csproj", "{F3212A5F-D9DA-4749-9A25-B69025264EE0}"
EndProject
Project("{9A19103F-16F7-4668-BE54-9A1E7A4F7556}") = "Eventures.Services", "Eventures.Services\Eventures.Services.csproj", "{FFDAD8DD-27EF-4A63-B9D5-F2A2B4C2E100}"
EndProject
Project("{9A19103F-16F7-4668-BE54-9A1E7A4F7556}") = "Eventures.Models", "Eventures.Models\Eventures.Models.csproj", "{68DD6A6B-6475-42AB-B266-137AB6205965}"
EndProject
Project("{FAE04EC0-301F-11D3-BF4B-00C04F79EFBC}") = "Eventures.Services.Tests", "Eventures.Services.Tests\Eventures.Services.Tests.csproj", "{875EC6FB-230F-47C1-880A-663751051A8A}"
EndProject
Global
	GlobalSection(SolutionConfigurationPlatforms) = preSolution
		Debug|Any CPU = Debug|Any CPU
		Release|Any CPU = Release|Any CPU
	EndGlobalSection
	GlobalSection(ProjectConfigurationPlatforms) = postSolution
		{1D59D028-E22C-448C-A8E8-754E87D3706B}.Debug|Any CPU.ActiveCfg = Debug|Any CPU
		{1D59D028-E22C-448C-A8E8-754E87D3706B}.Debug|Any CPU.Build.0 = Debug|Any CPU
		{1D59D028-E22C-448C-A8E8-754E87D3706B}.Release|Any CPU.ActiveCfg = Release|Any CPU
		{1D59D028-E22C-448C-A8E8-754E87D3706B}.Release|Any CPU.Build.0 = Release|Any CPU
		{A277FEA7-F403-41D5-95FF-54188BB01395}.Debug|Any CPU.ActiveCfg = Debug|Any CPU
		{A277FEA7-F403-41D5-95FF-54188BB01395}.Debug|Any CPU.Build.0 = Debug|Any CPU
		{A277FEA7-F403-41D5-95FF-54188BB01395}.Release|Any CPU.ActiveCfg = Release|Any CPU
		{A277FEA7-F403-41D5-95FF-54188BB01395}.Release|Any CPU.Build.0 = Release|Any CPU
		{F3212A5F-D9DA-4749-9A25-B69025264EE0}.Debug|Any CPU.ActiveCfg = Debug|Any CPU
		{F3212A5F-D9DA-4749-9A25-B69025264EE0}.Debug|Any CPU.Build.0 = Debug|Any CPU
		{F3212A5F-D9DA-4749-9A25-B69025264EE0}.Release|Any CPU.ActiveCfg = Release|Any CPU
		{F3212A5F-D9DA-4749-9A25-B69025264EE0}.Release|Any CPU.Build.0 = Release|Any CPU
		{FFDAD8DD-27EF-4A63-B9D5-F2A2B4C2E100}.Debug|Any CPU.ActiveCfg = Debug|Any CPU
		{FFDAD8DD-27EF-4A63-B9D5-F2A2B4C2E100}.Debug|Any CPU.Build.0 = Debug|Any CPU
		{FFDAD8DD-27EF-4A63-B9D5-F2A2B4C2E100}.Release|Any CPU.ActiveCfg = Release|Any CPU
		{FFDAD8DD-27EF-4A63-B9D5-F2A2B4C2E100}.Release|Any CPU.Build.0 = Release|Any CPU
		{68DD6A6B-6475-42AB-B266-137AB6205965}.Debug|Any CPU.ActiveCfg = Debug|Any CPU
		{68DD6A6B-6475-42AB-B266-137AB6205965}.Debug|Any CPU.Build.0 = Debug|Any CPU
		{68DD6A6B-6475-42AB-B266-137AB6205965}.Release|Any CPU.ActiveCfg = Release|Any CPU
		{68DD6A6B-6475-42AB-B266-137AB6205965}.Release|Any CPU.Build.0 = Release|Any CPU
		{875EC6FB-230F-47C1-880A-663751051A8A}.Debug|Any CPU.ActiveCfg = Debug|Any CPU
		{875EC6FB-230F-47C1-880A-663751051A8A}.Debug|Any CPU.Build.0 = Debug|Any CPU
		{875EC6FB-230F-47C1-880A-663751051A8A}.Release|Any CPU.ActiveCfg = Release|Any CPU
		{875EC6FB-230F-47C1-880A-663751051A8A}.Release|Any CPU.Build.0 = Release|Any CPU
	EndGlobalSection
	GlobalSection(SolutionProperties) = preSolution
		HideSolutionNode = FALSE
	EndGlobalSection
	GlobalSection(ExtensibilityGlobals) = postSolution
		SolutionGuid = {3B432F8D-0194-46F4-ACCF-6B1FD72CB5E0}
	EndGlobalSection
EndGlobal
